
Microsoft Visual Studio Solution File, Format Version 12.00
# Visual Studio Version 17
VisualStudioVersion = 17.4.33122.133
MinimumVisualStudioVersion = 10.0.40219.1
Project("{FAE04EC0-301F-11D3-BF4B-00C04F79EFBC}") = "BoxOfT", "BoxOfT\BoxOfT.csproj", "{5D0CBCF6-CBB9-443D-9CAC-32DB4F320931}"
EndProject
Project("{FAE04EC0-301F-11D3-BF4B-00C04F79EFBC}") = "GenericArrayCreator", "GenericArrayCreator\GenericArrayCreator.csproj", "{9AE9A587-3563-4BCF-A393-DC8B6745A013}"
EndProject
Project("{FAE04EC0-301F-11D3-BF4B-00C04F79EFBC}") = "GenericScale", "GenericScale\GenericScale.csproj", "{918AF5CE-89EB-4C54-879D-30A8ADA5D519}"
EndProject
Global
	GlobalSection(SolutionConfigurationPlatforms) = preSolution
		Debug|Any CPU = Debug|Any CPU
		Release|Any CPU = Release|Any CPU
	EndGlobalSection
	GlobalSection(ProjectConfigurationPlatforms) = postSolution
		{5D0CBCF6-CBB9-443D-9CAC-32DB4F320931}.Debug|Any CPU.ActiveCfg = Debug|Any CPU
		{5D0CBCF6-CBB9-443D-9CAC-32DB4F320931}.Debug|Any CPU.Build.0 = Debug|Any CPU
		{5D0CBCF6-CBB9-443D-9CAC-32DB4F320931}.Release|Any CPU.ActiveCfg = Release|Any CPU
		{5D0CBCF6-CBB9-443D-9CAC-32DB4F320931}.Release|Any CPU.Build.0 = Release|Any CPU
		{9AE9A587-3563-4BCF-A393-DC8B6745A013}.Debug|Any CPU.ActiveCfg = Debug|Any CPU
		{9AE9A587-3563-4BCF-A393-DC8B6745A013}.Debug|Any CPU.Build.0 = Debug|Any CPU
		{9AE9A587-3563-4BCF-A393-DC8B6745A013}.Release|Any CPU.ActiveCfg = Release|Any CPU
		{9AE9A587-3563-4BCF-A393-DC8B6745A013}.Release|Any CPU.Build.0 = Release|Any CPU
		{918AF5CE-89EB-4C54-879D-30A8ADA5D519}.Debug|Any CPU.ActiveCfg = Debug|Any CPU
		{918AF5CE-89EB-4C54-879D-30A8ADA5D519}.Debug|Any CPU.Build.0 = Debug|Any CPU
		{918AF5CE-89EB-4C54-879D-30A8ADA5D519}.Release|Any CPU.ActiveCfg = Release|Any CPU
		{918AF5CE-89EB-4C54-879D-30A8ADA5D519}.Release|Any CPU.Build.0 = Release|Any CPU
	EndGlobalSection
	GlobalSection(SolutionProperties) = preSolution
		HideSolutionNode = FALSE
	EndGlobalSection
	GlobalSection(ExtensibilityGlobals) = postSolution
		SolutionGuid = {859AE7A6-E844-411F-BC66-FAF92C8B092E}
	EndGlobalSection
EndGlobal
